// !$*UTF8*$!
{
	archiveVersion = 1;
	classes = {
	};
	objectVersion = 46;
	objects = {

/* Begin PBXBuildFile section */
		6B2E00AA1D0ED83300DB6B75 /* main.m in Sources */ = {isa = PBXBuildFile; fileRef = 6B2E00A91D0ED83300DB6B75 /* main.m */; };
		6B2E00AD1D0ED83300DB6B75 /* AppDelegate.m in Sources */ = {isa = PBXBuildFile; fileRef = 6B2E00AC1D0ED83300DB6B75 /* AppDelegate.m */; };
		6B2E00B01D0ED83300DB6B75 /* ViewController.m in Sources */ = {isa = PBXBuildFile; fileRef = 6B2E00AF1D0ED83300DB6B75 /* ViewController.m */; };
		6B2E00B31D0ED83300DB6B75 /* Main.storyboard in Resources */ = {isa = PBXBuildFile; fileRef = 6B2E00B11D0ED83300DB6B75 /* Main.storyboard */; };
		6B2E00B81D0ED83300DB6B75 /* LaunchScreen.storyboard in Resources */ = {isa = PBXBuildFile; fileRef = 6B2E00B61D0ED83300DB6B75 /* LaunchScreen.storyboard */; };
		6B2E00C11D0ED88400DB6B75 /* VideoLoadingAnimationView.m in Sources */ = {isa = PBXBuildFile; fileRef = 6B2E00C01D0ED88400DB6B75 /* VideoLoadingAnimationView.m */; };
		6B4F9FDF1D17D60A0061B753 /* Assets.xcassets in Resources */ = {isa = PBXBuildFile; fileRef = 6B4F9FDE1D17D60A0061B753 /* Assets.xcassets */; };
		6BE0D01E1D102E26006BA634 /* DataLoadingAnimationView.m in Sources */ = {isa = PBXBuildFile; fileRef = 6BE0D01D1D102E26006BA634 /* DataLoadingAnimationView.m */; };
/* End PBXBuildFile section */

/* Begin PBXFileReference section */
		6B2E00A51D0ED83300DB6B75 /* AnimationDemo.app */ = {isa = PBXFileReference; explicitFileType = wrapper.application; includeInIndex = 0; path = AnimationDemo.app; sourceTree = BUILT_PRODUCTS_DIR; };
		6B2E00A91D0ED83300DB6B75 /* main.m */ = {isa = PBXFileReference; lastKnownFileType = sourcecode.c.objc; path = main.m; sourceTree = "<group>"; };
		6B2E00AB1D0ED83300DB6B75 /* AppDelegate.h */ = {isa = PBXFileReference; lastKnownFileType = sourcecode.c.h; path = AppDelegate.h; sourceTree = "<group>"; };
		6B2E00AC1D0ED83300DB6B75 /* AppDelegate.m */ = {isa = PBXFileReference; lastKnownFileType = sourcecode.c.objc; path = AppDelegate.m; sourceTree = "<group>"; };
		6B2E00AE1D0ED83300DB6B75 /* ViewController.h */ = {isa = PBXFileReference; lastKnownFileType = sourcecode.c.h; path = ViewController.h; sourceTree = "<group>"; };
		6B2E00AF1D0ED83300DB6B75 /* ViewController.m */ = {isa = PBXFileReference; lastKnownFileType = sourcecode.c.objc; path = ViewController.m; sourceTree = "<group>"; };
		6B2E00B21D0ED83300DB6B75 /* Base */ = {isa = PBXFileReference; lastKnownFileType = file.storyboard; name = Base; path = Base.lproj/Main.storyboard; sourceTree = "<group>"; };
		6B2E00B71D0ED83300DB6B75 /* Base */ = {isa = PBXFileReference; lastKnownFileType = file.storyboard; name = Base; path = Base.lproj/LaunchScreen.storyboard; sourceTree = "<group>"; };
		6B2E00B91D0ED83300DB6B75 /* Info.plist */ = {isa = PBXFileReference; lastKnownFileType = text.plist.xml; path = Info.plist; sourceTree = "<group>"; };
		6B2E00BF1D0ED88400DB6B75 /* VideoLoadingAnimationView.h */ = {isa = PBXFileReference; fileEncoding = 4; lastKnownFileType = sourcecode.c.h; path = VideoLoadingAnimationView.h; sourceTree = "<group>"; };
		6B2E00C01D0ED88400DB6B75 /* VideoLoadingAnimationView.m */ = {isa = PBXFileReference; fileEncoding = 4; lastKnownFileType = sourcecode.c.objc; path = VideoLoadingAnimationView.m; sourceTree = "<group>"; };
		6B4F9FDE1D17D60A0061B753 /* Assets.xcassets */ = {isa = PBXFileReference; lastKnownFileType = folder.assetcatalog; path = Assets.xcassets; sourceTree = "<group>"; };
		6BE0D01C1D102E26006BA634 /* DataLoadingAnimationView.h */ = {isa = PBXFileReference; fileEncoding = 4; lastKnownFileType = sourcecode.c.h; path = DataLoadingAnimationView.h; sourceTree = "<group>"; };
		6BE0D01D1D102E26006BA634 /* DataLoadingAnimationView.m */ = {isa = PBXFileReference; fileEncoding = 4; lastKnownFileType = sourcecode.c.objc; path = DataLoadingAnimationView.m; sourceTree = "<group>"; };
/* End PBXFileReference section */

/* Begin PBXFrameworksBuildPhase section */
		6B2E00A21D0ED83300DB6B75 /* Frameworks */ = {
			isa = PBXFrameworksBuildPhase;
			buildActionMask = 2147483647;
			files = (
			);
			runOnlyForDeploymentPostprocessing = 0;
		};
/* End PBXFrameworksBuildPhase section */

/* Begin PBXGroup section */
		6B2E009C1D0ED83300DB6B75 = {
			isa = PBXGroup;
			children = (
				6B2E00A71D0ED83300DB6B75 /* AnimationDemo */,
				6B2E00A61D0ED83300DB6B75 /* Products */,
			);
			sourceTree = "<group>";
		};
		6B2E00A61D0ED83300DB6B75 /* Products */ = {
			isa = PBXGroup;
			children = (
				6B2E00A51D0ED83300DB6B75 /* AnimationDemo.app */,
			);
			name = Products;
			sourceTree = "<group>";
		};
		6B2E00A71D0ED83300DB6B75 /* AnimationDemo */ = {
			isa = PBXGroup;
			children = (
				6B4F9FDE1D17D60A0061B753 /* Assets.xcassets */,
				6B2E00AB1D0ED83300DB6B75 /* AppDelegate.h */,
				6B2E00AC1D0ED83300DB6B75 /* AppDelegate.m */,
				6B2E00AE1D0ED83300DB6B75 /* ViewController.h */,
				6B2E00AF1D0ED83300DB6B75 /* ViewController.m */,
				6B2E00B11D0ED83300DB6B75 /* Main.storyboard */,
				6B2E00B61D0ED83300DB6B75 /* LaunchScreen.storyboard */,
				6B2E00B91D0ED83300DB6B75 /* Info.plist */,
				6B2E00A81D0ED83300DB6B75 /* Supporting Files */,
				6B2E00BF1D0ED88400DB6B75 /* VideoLoadingAnimationView.h */,
				6B2E00C01D0ED88400DB6B75 /* VideoLoadingAnimationView.m */,
				6BE0D01C1D102E26006BA634 /* DataLoadingAnimationView.h */,
				6BE0D01D1D102E26006BA634 /* DataLoadingAnimationView.m */,
			);
			path = AnimationDemo;
			sourceTree = "<group>";
		};
		6B2E00A81D0ED83300DB6B75 /* Supporting Files */ = {
			isa = PBXGroup;
			children = (
				6B2E00A91D0ED83300DB6B75 /* main.m */,
			);
			name = "Supporting Files";
			sourceTree = "<group>";
		};
/* End PBXGroup section */

/* Begin PBXNativeTarget section */
		6B2E00A41D0ED83300DB6B75 /* AnimationDemo */ = {
			isa = PBXNativeTarget;
			buildConfigurationList = 6B2E00BC1D0ED83300DB6B75 /* Build configuration list for PBXNativeTarget "AnimationDemo" */;
			buildPhases = (
				6B2E00A11D0ED83300DB6B75 /* Sources */,
				6B2E00A21D0ED83300DB6B75 /* Frameworks */,
				6B2E00A31D0ED83300DB6B75 /* Resources */,
			);
			buildRules = (
			);
			dependencies = (
			);
			name = AnimationDemo;
			productName = AnimationDemo;
			productReference = 6B2E00A51D0ED83300DB6B75 /* AnimationDemo.app */;
			productType = "com.apple.product-type.application";
		};
/* End PBXNativeTarget section */

/* Begin PBXProject section */
		6B2E009D1D0ED83300DB6B75 /* Project object */ = {
			isa = PBXProject;
			attributes = {
				LastUpgradeCheck = 0730;
				ORGANIZATIONNAME = lieyunye;
				TargetAttributes = {
					6B2E00A41D0ED83300DB6B75 = {
						CreatedOnToolsVersion = 7.3.1;
						DevelopmentTeam = H6R564GX2N;
					};
				};
			};
			buildConfigurationList = 6B2E00A01D0ED83300DB6B75 /* Build configuration list for PBXProject "AnimationDemo" */;
			compatibilityVersion = "Xcode 3.2";
			developmentRegion = English;
			hasScannedForEncodings = 0;
			knownRegions = (
				en,
				Base,
			);
			mainGroup = 6B2E009C1D0ED83300DB6B75;
			productRefGroup = 6B2E00A61D0ED83300DB6B75 /* Products */;
			projectDirPath = "";
			projectRoot = "";
			targets = (
				6B2E00A41D0ED83300DB6B75 /* AnimationDemo */,
			);
		};
/* End PBXProject section */

/* Begin PBXResourcesBuildPhase section */
		6B2E00A31D0ED83300DB6B75 /* Resources */ = {
			isa = PBXResourcesBuildPhase;
			buildActionMask = 2147483647;
			files = (
				6B2E00B81D0ED83300DB6B75 /* LaunchScreen.storyboard in Resources */,
				6B4F9FDF1D17D60A0061B753 /* Assets.xcassets in Resources */,
				6B2E00B31D0ED83300DB6B75 /* Main.storyboard in Resources */,
			);
			runOnlyForDeploymentPostprocessing = 0;
		};
/* End PBXResourcesBuildPhase section */

/* Begin PBXSourcesBuildPhase section */
		6B2E00A11D0ED83300DB6B75 /* Sources */ = {
			isa = PBXSourcesBuildPhase;
			buildActionMask = 2147483647;
			files = (
				6B2E00B01D0ED83300DB6B75 /* ViewController.m in Sources */,
				6B2E00AD1D0ED83300DB6B75 /* AppDelegate.m in Sources */,
				6BE0D01E1D102E26006BA634 /* DataLoadingAnimationView.m in Sources */,
				6B2E00C11D0ED88400DB6B75 /* VideoLoadingAnimationView.m in Sources */,
				6B2E00AA1D0ED83300DB6B75 /* main.m in Sources */,
			);
			runOnlyForDeploymentPostprocessing = 0;
		};
/* End PBXSourcesBuildPhase section */

/* Begin PBXVariantGroup section */
		6B2E00B11D0ED83300DB6B75 /* Main.storyboard */ = {
			isa = PBXVariantGroup;
			children = (
				6B2E00B21D0ED83300DB6B75 /* Base */,
			);
			name = Main.storyboard;
			sourceTree = "<group>";
		};
		6B2E00B61D0ED83300DB6B75 /* LaunchScreen.storyboard */ = {
			isa = PBXVariantGroup;
			children = (
				6B2E00B71D0ED83300DB6B75 /* Base */,
			);
			name = LaunchScreen.storyboard;
			sourceTree = "<group>";
		};
/* End PBXVariantGroup section */

/* Begin XCBuildConfiguration section */
		6B2E00BA1D0ED83300DB6B75 /* Debug */ = {
			isa = XCBuildConfiguration;
			buildSettings = {
				ALWAYS_SEARCH_USER_PATHS = NO;
				CLANG_ANALYZER_NONNULL = YES;
				CLANG_CXX_LANGUAGE_STANDARD = "gnu++0x";
				CLANG_CXX_LIBRARY = "libc++";
				CLANG_ENABLE_MODULES = YES;
				CLANG_ENABLE_OBJC_ARC = YES;
				CLANG_WARN_BOOL_CONVERSION = YES;
				CLANG_WARN_CONSTANT_CONVERSION = YES;
				CLANG_WARN_DIRECT_OBJC_ISA_USAGE = YES_ERROR;
				CLANG_WARN_EMPTY_BODY = YES;
				CLANG_WARN_ENUM_CONVERSION = YES;
				CLANG_WARN_INT_CONVERSION = YES;
				CLANG_WARN_OBJC_ROOT_CLASS = YES_ERROR;
				CLANG_WARN_UNREACHABLE_CODE = YES;
				CLANG_WARN__DUPLICATE_METHOD_MATCH = YES;
				"CODE_SIGN_IDENTITY[sdk=iphoneos*]" = "iPhone Developer";
				COPY_PHASE_STRIP = NO;
				DEBUG_INFORMATION_FORMAT = dwarf;
				ENABLE_STRICT_OBJC_MSGSEND = YES;
				ENABLE_TESTABILITY = YES;
				GCC_C_LANGUAGE_STANDARD = gnu99;
				GCC_DYNAMIC_NO_PIC = NO;
				GCC_NO_COMMON_BLOCKS = YES;
				GCC_OPTIMIZATION_LEVEL = 0;
				GCC_PREPROCESSOR_DEFINITIONS = (
					"DEBUG=1",
					"$(inherited)",
				);
				GCC_WARN_64_TO_32_BIT_CONVERSION = YES;
				GCC_WARN_ABOUT_RETURN_TYPE = YES_ERROR;
				GCC_WARN_UNDECLARED_SELECTOR = YES;
				GCC_WARN_UNINITIALIZED_AUTOS = YES_AGGRESSIVE;
				GCC_WARN_UNUSED_FUNCTION = YES;
				GCC_WARN_UNUSED_VARIABLE = YES;
				IPHONEOS_DEPLOYMENT_TARGET = 9.3;
				MTL_ENABLE_DEBUG_INFO = YES;
				ONLY_ACTIVE_ARCH = YES;
				SDKROOT = iphoneos;
				TARGETED_DEVICE_FAMILY = "1,2";
			};
			name = Debug;
		};
		6B2E00BB1D0ED83300DB6B75 /* Release */ = {
			isa = XCBuildConfiguration;
			buildSettings = {
				ALWAYS_SEARCH_USER_PATHS = NO;
				CLANG_ANALYZER_NONNULL = YES;
				CLANG_CXX_LANGUAGE_STANDARD = "gnu++0x";
				CLANG_CXX_LIBRARY = "libc++";
				CLANG_ENABLE_MODULES = YES;
				CLANG_ENABLE_OBJC_ARC = YES;
				CLANG_WARN_BOOL_CONVERSION = YES;
				CLANG_WARN_CONSTANT_CONVERSION = YES;
				CLANG_WARN_DIRECT_OBJC_ISA_USAGE = YES_ERROR;
				CLANG_WARN_EMPTY_BODY = YES;
				CLANG_WARN_ENUM_CONVERSION = YES;
				CLANG_WARN_INT_CONVERSION = YES;
				CLANG_WARN_OBJC_ROOT_CLASS = YES_ERROR;
				CLANG_WARN_UNREACHABLE_CODE = YES;
				CLANG_WARN__DUPLICATE_METHOD_MATCH = YES;
				"CODE_SIGN_IDENTITY[sdk=iphoneos*]" = "iPhone Developer";
				COPY_PHASE_STRIP = NO;
				DEBUG_INFORMATION_FORMAT = "dwarf-with-dsym";
				ENABLE_NS_ASSERTIONS = NO;
				ENABLE_STRICT_OBJC_MSGSEND = YES;
				GCC_C_LANGUAGE_STANDARD = gnu99;
				GCC_NO_COMMON_BLOCKS = YES;
				GCC_WARN_64_TO_32_BIT_CONVERSION = YES;
				GCC_WARN_ABOUT_RETURN_TYPE = YES_ERROR;
				GCC_WARN_UNDECLARED_SELECTOR = YES;
				GCC_WARN_UNINITIALIZED_AUTOS = YES_AGGRESSIVE;
				GCC_WARN_UNUSED_FUNCTION = YES;
				GCC_WARN_UNUSED_VARIABLE = YES;
				IPHONEOS_DEPLOYMENT_TARGET = 9.3;
				MTL_ENABLE_DEBUG_INFO = NO;
				SDKROOT = iphoneos;
				TARGETED_DEVICE_FAMILY = "1,2";
				VALIDATE_PRODUCT = YES;
			};
			name = Release;
		};
		6B2E00BD1D0ED83300DB6B75 /* Debug */ = {
			isa = XCBuildConfiguration;
			buildSettings = {
				ASSETCATALOG_COMPILER_APPICON_NAME = AppIcon;
				CODE_SIGN_IDENTITY = "iPhone Developer";
				"CODE_SIGN_IDENTITY[sdk=iphoneos*]" = "iPhone Developer";
				INFOPLIST_FILE = AnimationDemo/Info.plist;
				LD_RUNPATH_SEARCH_PATHS = "$(inherited) @executable_path/Frameworks";
				PRODUCT_BUNDLE_IDENTIFIER = com.lieyunye.AnimationDemo;
				PRODUCT_NAME = "$(TARGET_NAME)";
				PROVISIONING_PROFILE = "";
			};
			name = Debug;
		};
		6B2E00BE1D0ED83300DB6B75 /* Release */ = {
			isa = XCBuildConfiguration;
			buildSettings = {
				ASSETCATALOG_COMPILER_APPICON_NAME = AppIcon;
				CODE_SIGN_IDENTITY = "iPhone Developer";
				"CODE_SIGN_IDENTITY[sdk=iphoneos*]" = "iPhone Developer";
				INFOPLIST_FILE = AnimationDemo/Info.plist;
				LD_RUNPATH_SEARCH_PATHS = "$(inherited) @executable_path/Frameworks";
				PRODUCT_BUNDLE_IDENTIFIER = com.lieyunye.AnimationDemo;
				PRODUCT_NAME = "$(TARGET_NAME)";
				PROVISIONING_PROFILE = "";
			};
			name = Release;
		};
/* End XCBuildConfiguration section */

/* Begin XCConfigurationList section */
		6B2E00A01D0ED83300DB6B75 /* Build configuration list for PBXProject "AnimationDemo" */ = {
			isa = XCConfigurationList;
			buildConfigurations = (
				6B2E00BA1D0ED83300DB6B75 /* Debug */,
				6B2E00BB1D0ED83300DB6B75 /* Release */,
			);
			defaultConfigurationIsVisible = 0;
			defaultConfigurationName = Release;
		};
		6B2E00BC1D0ED83300DB6B75 /* Build configuration list for PBXNativeTarget "AnimationDemo" */ = {
			isa = XCConfigurationList;
			buildConfigurations = (
				6B2E00BD1D0ED83300DB6B75 /* Debug */,
				6B2E00BE1D0ED83300DB6B75 /* Release */,
			);
			defaultConfigurationIsVisible = 0;
			defaultConfigurationName = Release;
		};
/* End XCConfigurationList section */
	};
	rootObject = 6B2E009D1D0ED83300DB6B75 /* Project object */;
}
